// !$*UTF8*$!
{
	archiveVersion = 1;
	classes = {
	};
	objectVersion = 56;
	objects = {

/* Begin PBXBuildFile section */
		C61EA1D829477723005A43C7 /* sfx2 in Resources */ = {isa = PBXBuildFile; fileRef = C61EA1D729477723005A43C7 /* sfx2 */; };
		C6A4B33B2947A6D900CEA07B /* groupedAsync.swift in Sources */ = {isa = PBXBuildFile; fileRef = C6A4B33A2947A6D900CEA07B /* groupedAsync.swift */; };
		C6A5A6FC294C63290009D096 /* GameData.swift in Sources */ = {isa = PBXBuildFile; fileRef = C6A5A6FB294C63290009D096 /* GameData.swift */; };
		C6E27B132948CFCE009948FB /* Instrument.swift in Sources */ = {isa = PBXBuildFile; fileRef = C6E27B122948CFCE009948FB /* Instrument.swift */; };
		C6E27B15294908AE009948FB /* PreferencesClass.swift in Sources */ = {isa = PBXBuildFile; fileRef = C6E27B14294908AE009948FB /* PreferencesClass.swift */; };
		C6F34FCC2947586C00611240 /* intervalsApp.swift in Sources */ = {isa = PBXBuildFile; fileRef = C6F34FCB2947586C00611240 /* intervalsApp.swift */; };
		C6F34FCE2947586C00611240 /* ContentView.swift in Sources */ = {isa = PBXBuildFile; fileRef = C6F34FCD2947586C00611240 /* ContentView.swift */; };
		C6F34FD02947586D00611240 /* Assets.xcassets in Resources */ = {isa = PBXBuildFile; fileRef = C6F34FCF2947586D00611240 /* Assets.xcassets */; };
		C6F34FD32947586D00611240 /* Preview Assets.xcassets in Resources */ = {isa = PBXBuildFile; fileRef = C6F34FD22947586D00611240 /* Preview Assets.xcassets */; };
		C6F34FDA29476E4C00611240 /* soundFX.swift in Sources */ = {isa = PBXBuildFile; fileRef = C6F34FD929476E4C00611240 /* soundFX.swift */; };
		C6F34FDC2947715B00611240 /* note sounds in Resources */ = {isa = PBXBuildFile; fileRef = C6F34FDB2947715B00611240 /* note sounds */; };
/* End PBXBuildFile section */

/* Begin PBXFileReference section */
		C61EA1D729477723005A43C7 /* sfx2 */ = {isa = PBXFileReference; lastKnownFileType = folder; path = sfx2; sourceTree = "<group>"; };
		C6A4B33A2947A6D900CEA07B /* groupedAsync.swift */ = {isa = PBXFileReference; fileEncoding = 4; lastKnownFileType = sourcecode.swift; path = groupedAsync.swift; sourceTree = "<group>"; };
		C6A5A6FB294C63290009D096 /* GameData.swift */ = {isa = PBXFileReference; lastKnownFileType = sourcecode.swift; path = GameData.swift; sourceTree = "<group>"; };
		C6E27B122948CFCE009948FB /* Instrument.swift */ = {isa = PBXFileReference; lastKnownFileType = sourcecode.swift; path = Instrument.swift; sourceTree = "<group>"; };
		C6E27B14294908AE009948FB /* PreferencesClass.swift */ = {isa = PBXFileReference; fileEncoding = 4; lastKnownFileType = sourcecode.swift; path = PreferencesClass.swift; sourceTree = "<group>"; };
		C6F34FC82947586C00611240 /* intervals.app */ = {isa = PBXFileReference; explicitFileType = wrapper.application; includeInIndex = 0; path = intervals.app; sourceTree = BUILT_PRODUCTS_DIR; };
		C6F34FCB2947586C00611240 /* intervalsApp.swift */ = {isa = PBXFileReference; lastKnownFileType = sourcecode.swift; path = intervalsApp.swift; sourceTree = "<group>"; };
		C6F34FCD2947586C00611240 /* ContentView.swift */ = {isa = PBXFileReference; lastKnownFileType = sourcecode.swift; path = ContentView.swift; sourceTree = "<group>"; };
		C6F34FCF2947586D00611240 /* Assets.xcassets */ = {isa = PBXFileReference; lastKnownFileType = folder.assetcatalog; path = Assets.xcassets; sourceTree = "<group>"; };
		C6F34FD22947586D00611240 /* Preview Assets.xcassets */ = {isa = PBXFileReference; lastKnownFileType = folder.assetcatalog; path = "Preview Assets.xcassets"; sourceTree = "<group>"; };
		C6F34FD929476E4C00611240 /* soundFX.swift */ = {isa = PBXFileReference; fileEncoding = 4; lastKnownFileType = sourcecode.swift; path = soundFX.swift; sourceTree = "<group>"; };
		C6F34FDB2947715B00611240 /* note sounds */ = {isa = PBXFileReference; fileEncoding = 4; lastKnownFileType = text; path = "note sounds"; sourceTree = SOURCE_ROOT; };
/* End PBXFileReference section */

/* Begin PBXFrameworksBuildPhase section */
		C6F34FC52947586C00611240 /* Frameworks */ = {
			isa = PBXFrameworksBuildPhase;
			buildActionMask = 2147483647;
			files = (
			);
			runOnlyForDeploymentPostprocessing = 0;
		};
/* End PBXFrameworksBuildPhase section */

/* Begin PBXGroup section */
		C6F34FBF2947586C00611240 = {
			isa = PBXGroup;
			children = (
				C6F34FCA2947586C00611240 /* intervals */,
				C6F34FC92947586C00611240 /* Products */,
			);
			sourceTree = "<group>";
		};
		C6F34FC92947586C00611240 /* Products */ = {
			isa = PBXGroup;
			children = (
				C6F34FC82947586C00611240 /* intervals.app */,
			);
			name = Products;
			sourceTree = "<group>";
		};
		C6F34FCA2947586C00611240 /* intervals */ = {
			isa = PBXGroup;
			children = (
				C6F34FCB2947586C00611240 /* intervalsApp.swift */,
				C6E27B14294908AE009948FB /* PreferencesClass.swift */,
				C6F34FCD2947586C00611240 /* ContentView.swift */,
				C6A5A6FB294C63290009D096 /* GameData.swift */,
				C6E27B122948CFCE009948FB /* Instrument.swift */,
				C6A4B33A2947A6D900CEA07B /* groupedAsync.swift */,
				C6F34FD929476E4C00611240 /* soundFX.swift */,
				C61EA1D729477723005A43C7 /* sfx2 */,
				C6F34FDB2947715B00611240 /* note sounds */,
				C6F34FCF2947586D00611240 /* Assets.xcassets */,
				C6F34FD12947586D00611240 /* Preview Content */,
			);
			path = intervals;
			sourceTree = "<group>";
		};
		C6F34FD12947586D00611240 /* Preview Content */ = {
			isa = PBXGroup;
			children = (
				C6F34FD22947586D00611240 /* Preview Assets.xcassets */,
			);
			path = "Preview Content";
			sourceTree = "<group>";
		};
/* End PBXGroup section */

/* Begin PBXNativeTarget section */
		C6F34FC72947586C00611240 /* intervals */ = {
			isa = PBXNativeTarget;
			buildConfigurationList = C6F34FD62947586D00611240 /* Build configuration list for PBXNativeTarget "intervals" */;
			buildPhases = (
				C6F34FC42947586C00611240 /* Sources */,
				C6F34FC52947586C00611240 /* Frameworks */,
				C6F34FC62947586C00611240 /* Resources */,
			);
			buildRules = (
			);
			dependencies = (
			);
			name = intervals;
			productName = intervals;
			productReference = C6F34FC82947586C00611240 /* intervals.app */;
			productType = "com.apple.product-type.application";
		};
/* End PBXNativeTarget section */

/* Begin PBXProject section */
		C6F34FC02947586C00611240 /* Project object */ = {
			isa = PBXProject;
			attributes = {
				BuildIndependentTargetsInParallel = 1;
				LastSwiftUpdateCheck = 1410;
				LastUpgradeCheck = 1410;
				TargetAttributes = {
					C6F34FC72947586C00611240 = {
						CreatedOnToolsVersion = 14.1;
					};
				};
			};
			buildConfigurationList = C6F34FC32947586C00611240 /* Build configuration list for PBXProject "intervals" */;
			compatibilityVersion = "Xcode 14.0";
			developmentRegion = en;
			hasScannedForEncodings = 0;
			knownRegions = (
				en,
				Base,
			);
			mainGroup = C6F34FBF2947586C00611240;
			productRefGroup = C6F34FC92947586C00611240 /* Products */;
			projectDirPath = "";
			projectRoot = "";
			targets = (
				C6F34FC72947586C00611240 /* intervals */,
			);
		};
/* End PBXProject section */

/* Begin PBXResourcesBuildPhase section */
		C6F34FC62947586C00611240 /* Resources */ = {
			isa = PBXResourcesBuildPhase;
			buildActionMask = 2147483647;
			files = (
				C6F34FD32947586D00611240 /* Preview Assets.xcassets in Resources */,
				C6F34FD02947586D00611240 /* Assets.xcassets in Resources */,
				C6F34FDC2947715B00611240 /* note sounds in Resources */,
				C61EA1D829477723005A43C7 /* sfx2 in Resources */,
			);
			runOnlyForDeploymentPostprocessing = 0;
		};
/* End PBXResourcesBuildPhase section */

/* Begin PBXSourcesBuildPhase section */
		C6F34FC42947586C00611240 /* Sources */ = {
			isa = PBXSourcesBuildPhase;
			buildActionMask = 2147483647;
			files = (
				C6E27B132948CFCE009948FB /* Instrument.swift in Sources */,
				C6F34FCE2947586C00611240 /* ContentView.swift in Sources */,
				C6A4B33B2947A6D900CEA07B /* groupedAsync.swift in Sources */,
				C6F34FCC2947586C00611240 /* intervalsApp.swift in Sources */,
				C6A5A6FC294C63290009D096 /* GameData.swift in Sources */,
				C6F34FDA29476E4C00611240 /* soundFX.swift in Sources */,
				C6E27B15294908AE009948FB /* PreferencesClass.swift in Sources */,
			);
			runOnlyForDeploymentPostprocessing = 0;
		};
/* End PBXSourcesBuildPhase section */

/* Begin XCBuildConfiguration section */
		C6F34FD42947586D00611240 /* Debug */ = {
			isa = XCBuildConfiguration;
			buildSettings = {
				ALWAYS_SEARCH_USER_PATHS = NO;
				CLANG_ANALYZER_NONNULL = YES;
				CLANG_ANALYZER_NUMBER_OBJECT_CONVERSION = YES_AGGRESSIVE;
				CLANG_CXX_LANGUAGE_STANDARD = "gnu++20";
				CLANG_ENABLE_MODULES = YES;
				CLANG_ENABLE_OBJC_ARC = YES;
				CLANG_ENABLE_OBJC_WEAK = YES;
				CLANG_WARN_BLOCK_CAPTURE_AUTORELEASING = YES;
				CLANG_WARN_BOOL_CONVERSION = YES;
				CLANG_WARN_COMMA = YES;
				CLANG_WARN_CONSTANT_CONVERSION = YES;
				CLANG_WARN_DEPRECATED_OBJC_IMPLEMENTATIONS = YES;
				CLANG_WARN_DIRECT_OBJC_ISA_USAGE = YES_ERROR;
				CLANG_WARN_DOCUMENTATION_COMMENTS = YES;
				CLANG_WARN_EMPTY_BODY = YES;
				CLANG_WARN_ENUM_CONVERSION = YES;
				CLANG_WARN_INFINITE_RECURSION = YES;
				CLANG_WARN_INT_CONVERSION = YES;
				CLANG_WARN_NON_LITERAL_NULL_CONVERSION = YES;
				CLANG_WARN_OBJC_IMPLICIT_RETAIN_SELF = YES;
				CLANG_WARN_OBJC_LITERAL_CONVERSION = YES;
				CLANG_WARN_OBJC_ROOT_CLASS = YES_ERROR;
				CLANG_WARN_QUOTED_INCLUDE_IN_FRAMEWORK_HEADER = YES;
				CLANG_WARN_RANGE_LOOP_ANALYSIS = YES;
				CLANG_WARN_STRICT_PROTOTYPES = YES;
				CLANG_WARN_SUSPICIOUS_MOVE = YES;
				CLANG_WARN_UNGUARDED_AVAILABILITY = YES_AGGRESSIVE;
				CLANG_WARN_UNREACHABLE_CODE = YES;
				CLANG_WARN__DUPLICATE_METHOD_MATCH = YES;
				COPY_PHASE_STRIP = NO;
				DEBUG_INFORMATION_FORMAT = dwarf;
				ENABLE_STRICT_OBJC_MSGSEND = YES;
				ENABLE_TESTABILITY = YES;
				GCC_C_LANGUAGE_STANDARD = gnu11;
				GCC_DYNAMIC_NO_PIC = NO;
				GCC_NO_COMMON_BLOCKS = YES;
				GCC_OPTIMIZATION_LEVEL = 0;
				GCC_PREPROCESSOR_DEFINITIONS = (
					"DEBUG=1",
					"$(inherited)",
				);
				GCC_WARN_64_TO_32_BIT_CONVERSION = YES;
				GCC_WARN_ABOUT_RETURN_TYPE = YES_ERROR;
				GCC_WARN_UNDECLARED_SELECTOR = YES;
				GCC_WARN_UNINITIALIZED_AUTOS = YES_AGGRESSIVE;
				GCC_WARN_UNUSED_FUNCTION = YES;
				GCC_WARN_UNUSED_VARIABLE = YES;
				IPHONEOS_DEPLOYMENT_TARGET = 16.1;
				MTL_ENABLE_DEBUG_INFO = INCLUDE_SOURCE;
				MTL_FAST_MATH = YES;
				ONLY_ACTIVE_ARCH = YES;
				SDKROOT = iphoneos;
				SWIFT_ACTIVE_COMPILATION_CONDITIONS = DEBUG;
				SWIFT_OPTIMIZATION_LEVEL = "-Onone";
			};
			name = Debug;
		};
		C6F34FD52947586D00611240 /* Release */ = {
			isa = XCBuildConfiguration;
			buildSettings = {
				ALWAYS_SEARCH_USER_PATHS = NO;
				CLANG_ANALYZER_NONNULL = YES;
				CLANG_ANALYZER_NUMBER_OBJECT_CONVERSION = YES_AGGRESSIVE;
				CLANG_CXX_LANGUAGE_STANDARD = "gnu++20";
				CLANG_ENABLE_MODULES = YES;
				CLANG_ENABLE_OBJC_ARC = YES;
				CLANG_ENABLE_OBJC_WEAK = YES;
				CLANG_WARN_BLOCK_CAPTURE_AUTORELEASING = YES;
				CLANG_WARN_BOOL_CONVERSION = YES;
				CLANG_WARN_COMMA = YES;
				CLANG_WARN_CONSTANT_CONVERSION = YES;
				CLANG_WARN_DEPRECATED_OBJC_IMPLEMENTATIONS = YES;
				CLANG_WARN_DIRECT_OBJC_ISA_USAGE = YES_ERROR;
				CLANG_WARN_DOCUMENTATION_COMMENTS = YES;
				CLANG_WARN_EMPTY_BODY = YES;
				CLANG_WARN_ENUM_CONVERSION = YES;
				CLANG_WARN_INFINITE_RECURSION = YES;
				CLANG_WARN_INT_CONVERSION = YES;
				CLANG_WARN_NON_LITERAL_NULL_CONVERSION = YES;
				CLANG_WARN_OBJC_IMPLICIT_RETAIN_SELF = YES;
				CLANG_WARN_OBJC_LITERAL_CONVERSION = YES;
				CLANG_WARN_OBJC_ROOT_CLASS = YES_ERROR;
				CLANG_WARN_QUOTED_INCLUDE_IN_FRAMEWORK_HEADER = YES;
				CLANG_WARN_RANGE_LOOP_ANALYSIS = YES;
				CLANG_WARN_STRICT_PROTOTYPES = YES;
				CLANG_WARN_SUSPICIOUS_MOVE = YES;
				CLANG_WARN_UNGUARDED_AVAILABILITY = YES_AGGRESSIVE;
				CLANG_WARN_UNREACHABLE_CODE = YES;
				CLANG_WARN__DUPLICATE_METHOD_MATCH = YES;
				COPY_PHASE_STRIP = NO;
				DEBUG_INFORMATION_FORMAT = "dwarf-with-dsym";
				ENABLE_NS_ASSERTIONS = NO;
				ENABLE_STRICT_OBJC_MSGSEND = YES;
				GCC_C_LANGUAGE_STANDARD = gnu11;
				GCC_NO_COMMON_BLOCKS = YES;
				GCC_WARN_64_TO_32_BIT_CONVERSION = YES;
				GCC_WARN_ABOUT_RETURN_TYPE = YES_ERROR;
				GCC_WARN_UNDECLARED_SELECTOR = YES;
				GCC_WARN_UNINITIALIZED_AUTOS = YES_AGGRESSIVE;
				GCC_WARN_UNUSED_FUNCTION = YES;
				GCC_WARN_UNUSED_VARIABLE = YES;
				IPHONEOS_DEPLOYMENT_TARGET = 16.1;
				MTL_ENABLE_DEBUG_INFO = NO;
				MTL_FAST_MATH = YES;
				SDKROOT = iphoneos;
				SWIFT_COMPILATION_MODE = wholemodule;
				SWIFT_OPTIMIZATION_LEVEL = "-O";
				VALIDATE_PRODUCT = YES;
			};
			name = Release;
		};
		C6F34FD72947586D00611240 /* Debug */ = {
			isa = XCBuildConfiguration;
			buildSettings = {
				ASSETCATALOG_COMPILER_APPICON_NAME = AppIcon;
				ASSETCATALOG_COMPILER_GLOBAL_ACCENT_COLOR_NAME = AccentColor;
				CODE_SIGN_STYLE = Automatic;
				CURRENT_PROJECT_VERSION = 1;
				DEVELOPMENT_ASSET_PATHS = "\"intervals/Preview Content\"";
				DEVELOPMENT_TEAM = 2222CRHQ48;
				ENABLE_PREVIEWS = YES;
				GENERATE_INFOPLIST_FILE = YES;
				INFOPLIST_KEY_UIApplicationSceneManifest_Generation = YES;
				INFOPLIST_KEY_UIApplicationSupportsIndirectInputEvents = YES;
				INFOPLIST_KEY_UILaunchScreen_Generation = YES;
				INFOPLIST_KEY_UISupportedInterfaceOrientations_iPad = "UIInterfaceOrientationPortrait UIInterfaceOrientationPortraitUpsideDown UIInterfaceOrientationLandscapeLeft UIInterfaceOrientationLandscapeRight";
				INFOPLIST_KEY_UISupportedInterfaceOrientations_iPhone = "UIInterfaceOrientationPortrait UIInterfaceOrientationLandscapeLeft UIInterfaceOrientationLandscapeRight";
				LD_RUNPATH_SEARCH_PATHS = (
					"$(inherited)",
					"@executable_path/Frameworks",
				);
				MARKETING_VERSION = 1.0;
				PRODUCT_BUNDLE_IDENTIFIER = com.saio674.intervals;
				PRODUCT_NAME = "$(TARGET_NAME)";
				SWIFT_EMIT_LOC_STRINGS = YES;
				SWIFT_VERSION = 5.0;
				TARGETED_DEVICE_FAMILY = "1,2";
			};
			name = Debug;
		};
		C6F34FD82947586D00611240 /* Release */ = {
			isa = XCBuildConfiguration;
			buildSettings = {
				ASSETCATALOG_COMPILER_APPICON_NAME = AppIcon;
				ASSETCATALOG_COMPILER_GLOBAL_ACCENT_COLOR_NAME = AccentColor;
				CODE_SIGN_STYLE = Automatic;
				CURRENT_PROJECT_VERSION = 1;
				DEVELOPMENT_ASSET_PATHS = "\"intervals/Preview Content\"";
				DEVELOPMENT_TEAM = 2222CRHQ48;
				ENABLE_PREVIEWS = YES;
				GENERATE_INFOPLIST_FILE = YES;
				INFOPLIST_KEY_UIApplicationSceneManifest_Generation = YES;
				INFOPLIST_KEY_UIApplicationSupportsIndirectInputEvents = YES;
				INFOPLIST_KEY_UILaunchScreen_Generation = YES;
				INFOPLIST_KEY_UISupportedInterfaceOrientations_iPad = "UIInterfaceOrientationPortrait UIInterfaceOrientationPortraitUpsideDown UIInterfaceOrientationLandscapeLeft UIInterfaceOrientationLandscapeRight";
				INFOPLIST_KEY_UISupportedInterfaceOrientations_iPhone = "UIInterfaceOrientationPortrait UIInterfaceOrientationLandscapeLeft UIInterfaceOrientationLandscapeRight";
				LD_RUNPATH_SEARCH_PATHS = (
					"$(inherited)",
					"@executable_path/Frameworks",
				);
				MARKETING_VERSION = 1.0;
				PRODUCT_BUNDLE_IDENTIFIER = com.saio674.intervals;
				PRODUCT_NAME = "$(TARGET_NAME)";
				SWIFT_EMIT_LOC_STRINGS = YES;
				SWIFT_VERSION = 5.0;
				TARGETED_DEVICE_FAMILY = "1,2";
			};
			name = Release;
		};
/* End XCBuildConfiguration section */

/* Begin XCConfigurationList section */
		C6F34FC32947586C00611240 /* Build configuration list for PBXProject "intervals" */ = {
			isa = XCConfigurationList;
			buildConfigurations = (
				C6F34FD42947586D00611240 /* Debug */,
				C6F34FD52947586D00611240 /* Release */,
			);
			defaultConfigurationIsVisible = 0;
			defaultConfigurationName = Release;
		};
		C6F34FD62947586D00611240 /* Build configuration list for PBXNativeTarget "intervals" */ = {
			isa = XCConfigurationList;
			buildConfigurations = (
				C6F34FD72947586D00611240 /* Debug */,
				C6F34FD82947586D00611240 /* Release */,
			);
			defaultConfigurationIsVisible = 0;
			defaultConfigurationName = Release;
		};
/* End XCConfigurationList section */
	};
	rootObject = C6F34FC02947586C00611240 /* Project object */;
}
